
Microsoft Visual Studio Solution File, Format Version 12.00
# Visual Studio Version 17
VisualStudioVersion = 17.4.33205.214
MinimumVisualStudioVersion = 10.0.40219.1
Project("{9A19103F-16F7-4668-BE54-9A1E7A4F7556}") = "MementoPattern", "MementoPattern\MementoPattern.csproj", "{8B48004E-826D-4D2D-86CF-1EDDCBAAC688}"
EndProject
Project("{FAE04EC0-301F-11D3-BF4B-00C04F79EFBC}") = "StatePattern", "StatePattern\StatePattern.csproj", "{FBC0A092-AA41-4C90-986F-DE92B89390CC}"
EndProject
Global
	GlobalSection(SolutionConfigurationPlatforms) = preSolution
		Debug|Any CPU = Debug|Any CPU
		Release|Any CPU = Release|Any CPU
	EndGlobalSection
	GlobalSection(ProjectConfigurationPlatforms) = postSolution
		{8B48004E-826D-4D2D-86CF-1EDDCBAAC688}.Debug|Any CPU.ActiveCfg = Debug|Any CPU
		{8B48004E-826D-4D2D-86CF-1EDDCBAAC688}.Debug|Any CPU.Build.0 = Debug|Any CPU
		{8B48004E-826D-4D2D-86CF-1EDDCBAAC688}.Release|Any CPU.ActiveCfg = Release|Any CPU
		{8B48004E-826D-4D2D-86CF-1EDDCBAAC688}.Release|Any CPU.Build.0 = Release|Any CPU
		{FBC0A092-AA41-4C90-986F-DE92B89390CC}.Debug|Any CPU.ActiveCfg = Debug|Any CPU
		{FBC0A092-AA41-4C90-986F-DE92B89390CC}.Debug|Any CPU.Build.0 = Debug|Any CPU
		{FBC0A092-AA41-4C90-986F-DE92B89390CC}.Release|Any CPU.ActiveCfg = Release|Any CPU
		{FBC0A092-AA41-4C90-986F-DE92B89390CC}.Release|Any CPU.Build.0 = Release|Any CPU
	EndGlobalSection
	GlobalSection(SolutionProperties) = preSolution
		HideSolutionNode = FALSE
	EndGlobalSection
	GlobalSection(ExtensibilityGlobals) = postSolution
		SolutionGuid = {24C9828A-0346-47C6-ABBE-D92BE281D810}
	EndGlobalSection
EndGlobal
